
Microsoft Visual Studio Solution File, Format Version 12.00
# Visual Studio 15
Project("{FAE04EC0-301F-11D3-BF4B-00C04F79EFBC}") = "backend", "backend.csproj", "{162613CC-C48B-41B9-B07D-3A0D172E0801}"
EndProject
Global
	GlobalSection(SolutionConfigurationPlatforms) = preSolution
		Debug|Any CPU = Debug|Any CPU
		Release|Any CPU = Release|Any CPU
	EndGlobalSection
	GlobalSection(ProjectConfigurationPlatforms) = postSolution
		{162613CC-C48B-41B9-B07D-3A0D172E0801}.Debug|Any CPU.ActiveCfg = Debug|Any CPU
		{162613CC-C48B-41B9-B07D-3A0D172E0801}.Debug|Any CPU.Build.0 = Debug|Any CPU
		{162613CC-C48B-41B9-B07D-3A0D172E0801}.Release|Any CPU.ActiveCfg = Release|Any CPU
		{162613CC-C48B-41B9-B07D-3A0D172E0801}.Release|Any CPU.Build.0 = Release|Any CPU
	EndGlobalSection
EndGlobal
